
Microsoft Visual Studio Solution File, Format Version 12.00
# Visual Studio Version 16
VisualStudioVersion = 16.0.30503.244
MinimumVisualStudioVersion = 10.0.40219.1
Project("{FAE04EC0-301F-11D3-BF4B-00C04F79EFBC}") = "CoffeeDemo", "CoffeeDemo\CoffeeDemo.csproj", "{C68860A0-9DDD-480E-97D7-0787EB8C075D}"
EndProject
Global
	GlobalSection(SolutionConfigurationPlatforms) = preSolution
		Debug|Any CPU = Debug|Any CPU
		Release|Any CPU = Release|Any CPU
	EndGlobalSection
	GlobalSection(ProjectConfigurationPlatforms) = postSolution
		{C68860A0-9DDD-480E-97D7-0787EB8C075D}.Debug|Any CPU.ActiveCfg = Debug|Any CPU
		{C68860A0-9DDD-480E-97D7-0787EB8C075D}.Debug|Any CPU.Build.0 = Debug|Any CPU
		{C68860A0-9DDD-480E-97D7-0787EB8C075D}.Release|Any CPU.ActiveCfg = Release|Any CPU
		{C68860A0-9DDD-480E-97D7-0787EB8C075D}.Release|Any CPU.Build.0 = Release|Any CPU
	EndGlobalSection
	GlobalSection(SolutionProperties) = preSolution
		HideSolutionNode = FALSE
	EndGlobalSection
	GlobalSection(ExtensibilityGlobals) = postSolution
		SolutionGuid = {A650E258-3574-4C66-8EFD-F3E569A8E41F}
	EndGlobalSection
EndGlobal
